
Microsoft Visual Studio Solution File, Format Version 12.00
# Visual Studio Version 17
VisualStudioVersion = 17.11.35327.3
MinimumVisualStudioVersion = 10.0.40219.1
Project("{FAE04EC0-301F-11D3-BF4B-00C04F79EFBC}") = "Machine_Control_Hub", "Machine_Control_Hub\Machine_Control_Hub.csproj", "{A2264DB0-08DA-4B8D-9CC2-9F8EA8F9A5BB}"
EndProject
Project("{FAE04EC0-301F-11D3-BF4B-00C04F79EFBC}") = "SharedServices", "SharedServices\SharedServices.csproj", "{556C0A09-9004-4432-8980-4C8D54643D8A}"
EndProject
Project("{2150E333-8FDC-42A3-9474-1A3956D46DE8}") = "Applications", "Applications", "{666602C0-E57C-4BB3-AD1F-989B3073594B}"
EndProject
Project("{FAE04EC0-301F-11D3-BF4B-00C04F79EFBC}") = "ComPortChanger", "..\Applications\PromptNowComPort Configuration\ComPortChanger\ComPortChanger.csproj", "{D2AA97C6-590F-4BF4-B1EB-5ABA8A421B43}"
EndProject
Project("{FAE04EC0-301F-11D3-BF4B-00C04F79EFBC}") = "Window_Event_Log", "..\Applications\PronptNowWindowExport LogExporter\Window_Event_Log\Window_Event_Log.csproj", "{D0640AB6-717E-4CA7-B74C-E8C8A0B8199C}"
EndProject
Project("{FAE04EC0-301F-11D3-BF4B-00C04F79EFBC}") = "Static IP Application", "..\Applications\PromptNowNetwork Configuration\Static IP Application\Static IP Application.csproj", "{DAF988D6-4C56-459C-ABCC-5A97A689FDF2}"
EndProject
Global
	GlobalSection(SolutionConfigurationPlatforms) = preSolution
		Debug|Any CPU = Debug|Any CPU
		Release|Any CPU = Release|Any CPU
	EndGlobalSection
	GlobalSection(ProjectConfigurationPlatforms) = postSolution
		{A2264DB0-08DA-4B8D-9CC2-9F8EA8F9A5BB}.Debug|Any CPU.ActiveCfg = Debug|Any CPU
		{A2264DB0-08DA-4B8D-9CC2-9F8EA8F9A5BB}.Debug|Any CPU.Build.0 = Debug|Any CPU
		{A2264DB0-08DA-4B8D-9CC2-9F8EA8F9A5BB}.Release|Any CPU.ActiveCfg = Release|Any CPU
		{A2264DB0-08DA-4B8D-9CC2-9F8EA8F9A5BB}.Release|Any CPU.Build.0 = Release|Any CPU
		{556C0A09-9004-4432-8980-4C8D54643D8A}.Debug|Any CPU.ActiveCfg = Debug|Any CPU
		{556C0A09-9004-4432-8980-4C8D54643D8A}.Debug|Any CPU.Build.0 = Debug|Any CPU
		{556C0A09-9004-4432-8980-4C8D54643D8A}.Release|Any CPU.ActiveCfg = Release|Any CPU
		{556C0A09-9004-4432-8980-4C8D54643D8A}.Release|Any CPU.Build.0 = Release|Any CPU
		{D2AA97C6-590F-4BF4-B1EB-5ABA8A421B43}.Debug|Any CPU.ActiveCfg = Debug|Any CPU
		{D2AA97C6-590F-4BF4-B1EB-5ABA8A421B43}.Debug|Any CPU.Build.0 = Debug|Any CPU
		{D2AA97C6-590F-4BF4-B1EB-5ABA8A421B43}.Release|Any CPU.ActiveCfg = Release|Any CPU
		{D2AA97C6-590F-4BF4-B1EB-5ABA8A421B43}.Release|Any CPU.Build.0 = Release|Any CPU
		{D0640AB6-717E-4CA7-B74C-E8C8A0B8199C}.Debug|Any CPU.ActiveCfg = Debug|Any CPU
		{D0640AB6-717E-4CA7-B74C-E8C8A0B8199C}.Debug|Any CPU.Build.0 = Debug|Any CPU
		{D0640AB6-717E-4CA7-B74C-E8C8A0B8199C}.Release|Any CPU.ActiveCfg = Release|Any CPU
		{D0640AB6-717E-4CA7-B74C-E8C8A0B8199C}.Release|Any CPU.Build.0 = Release|Any CPU
		{DAF988D6-4C56-459C-ABCC-5A97A689FDF2}.Debug|Any CPU.ActiveCfg = Debug|Any CPU
		{DAF988D6-4C56-459C-ABCC-5A97A689FDF2}.Debug|Any CPU.Build.0 = Debug|Any CPU
		{DAF988D6-4C56-459C-ABCC-5A97A689FDF2}.Release|Any CPU.ActiveCfg = Release|Any CPU
		{DAF988D6-4C56-459C-ABCC-5A97A689FDF2}.Release|Any CPU.Build.0 = Release|Any CPU
	EndGlobalSection
	GlobalSection(SolutionProperties) = preSolution
		HideSolutionNode = FALSE
	EndGlobalSection
	GlobalSection(NestedProjects) = preSolution
		{D2AA97C6-590F-4BF4-B1EB-5ABA8A421B43} = {666602C0-E57C-4BB3-AD1F-989B3073594B}
		{D0640AB6-717E-4CA7-B74C-E8C8A0B8199C} = {666602C0-E57C-4BB3-AD1F-989B3073594B}
		{DAF988D6-4C56-459C-ABCC-5A97A689FDF2} = {666602C0-E57C-4BB3-AD1F-989B3073594B}
	EndGlobalSection
	GlobalSection(ExtensibilityGlobals) = postSolution
		SolutionGuid = {9BA93C4F-317F-48C3-ACAB-6A90D1C71DAB}
	EndGlobalSection
EndGlobal
